Microsoft Visual Studio Solution File, Format Version 12.00
# Visual Studio Version 17
VisualStudioVersion = 17.5.2.0
MinimumVisualStudioVersion = 10.0.40219.1
Project("{FAE04EC0-301F-11D3-BF4B-00C04F79EFBC}") = "EchoX", "EchoX.csproj", "{BBE01167-48EE-ACAA-A650-5587D4C540DB}"
EndProject
Global
	GlobalSection(SolutionConfigurationPlatforms) = preSolution
		Debug|Any CPU = Debug|Any CPU
		Release|Any CPU = Release|Any CPU
	EndGlobalSection
	GlobalSection(ProjectConfigurationPlatforms) = postSolution
		{BBE01167-48EE-ACAA-A650-5587D4C540DB}.Debug|Any CPU.ActiveCfg = Debug|Any CPU
		{BBE01167-48EE-ACAA-A650-5587D4C540DB}.Debug|Any CPU.Build.0 = Debug|Any CPU
		{BBE01167-48EE-ACAA-A650-5587D4C540DB}.Release|Any CPU.ActiveCfg = Release|Any CPU
		{BBE01167-48EE-ACAA-A650-5587D4C540DB}.Release|Any CPU.Build.0 = Release|Any CPU
	EndGlobalSection
	GlobalSection(SolutionProperties) = preSolution
		HideSolutionNode = FALSE
	EndGlobalSection
	GlobalSection(ExtensibilityGlobals) = postSolution
		SolutionGuid = {FB7F55B8-12A6-4FDD-868E-47E70665E2BC}
	EndGlobalSection
EndGlobal
